
Microsoft Visual Studio Solution File, Format Version 12.00
# Visual Studio Version 17
VisualStudioVersion = 17.6.33829.357
MinimumVisualStudioVersion = 10.0.40219.1
Project("{FAE04EC0-301F-11D3-BF4B-00C04F79EFBC}") = "Task1", "Task1\Task1.csproj", "{9BD61525-9FCF-42DB-824C-AF03C49C38B1}"
EndProject
Global
	GlobalSection(SolutionConfigurationPlatforms) = preSolution
		Debug|Any CPU = Debug|Any CPU
		Release|Any CPU = Release|Any CPU
	EndGlobalSection
	GlobalSection(ProjectConfigurationPlatforms) = postSolution
		{9BD61525-9FCF-42DB-824C-AF03C49C38B1}.Debug|Any CPU.ActiveCfg = Debug|Any CPU
		{9BD61525-9FCF-42DB-824C-AF03C49C38B1}.Debug|Any CPU.Build.0 = Debug|Any CPU
		{9BD61525-9FCF-42DB-824C-AF03C49C38B1}.Release|Any CPU.ActiveCfg = Release|Any CPU
		{9BD61525-9FCF-42DB-824C-AF03C49C38B1}.Release|Any CPU.Build.0 = Release|Any CPU
	EndGlobalSection
	GlobalSection(SolutionProperties) = preSolution
		HideSolutionNode = FALSE
	EndGlobalSection
	GlobalSection(ExtensibilityGlobals) = postSolution
		SolutionGuid = {47D922F5-DCA5-406A-A34F-035B95A5BE3C}
	EndGlobalSection
EndGlobal
